
Microsoft Visual Studio Solution File, Format Version 12.00
# Visual Studio 15
VisualStudioVersion = 15.0.28010.2046
MinimumVisualStudioVersion = 10.0.40219.1
Project("{FAE04EC0-301F-11D3-BF4B-00C04F79EFBC}") = "QrGenerator", "QrGenerator\QrGenerator.csproj", "{AAF80150-2C89-42C9-8085-E803AE2E97ED}"
EndProject
Global
	GlobalSection(SolutionConfigurationPlatforms) = preSolution
		Debug|Any CPU = Debug|Any CPU
		Release|Any CPU = Release|Any CPU
	EndGlobalSection
	GlobalSection(ProjectConfigurationPlatforms) = postSolution
		{AAF80150-2C89-42C9-8085-E803AE2E97ED}.Debug|Any CPU.ActiveCfg = Debug|Any CPU
		{AAF80150-2C89-42C9-8085-E803AE2E97ED}.Debug|Any CPU.Build.0 = Debug|Any CPU
		{AAF80150-2C89-42C9-8085-E803AE2E97ED}.Release|Any CPU.ActiveCfg = Release|Any CPU
		{AAF80150-2C89-42C9-8085-E803AE2E97ED}.Release|Any CPU.Build.0 = Release|Any CPU
	EndGlobalSection
	GlobalSection(SolutionProperties) = preSolution
		HideSolutionNode = FALSE
	EndGlobalSection
	GlobalSection(ExtensibilityGlobals) = postSolution
		SolutionGuid = {5672EE89-92F0-4AD6-9B94-99AA11A4A61B}
	EndGlobalSection
EndGlobal
